
Microsoft Visual Studio Solution File, Format Version 12.00
# Visual Studio Version 17
VisualStudioVersion = 17.0.31912.275
MinimumVisualStudioVersion = 10.0.40219.1
Project("{9A19103F-16F7-4668-BE54-9A1E7A4F7556}") = "Day1.Task1", "src\day1\task1\Day1.Task1.csproj", "{1E3005FE-5614-4CCE-A517-604DEE239C15}"
EndProject
Project("{9A19103F-16F7-4668-BE54-9A1E7A4F7556}") = "Day1.Task2", "src\day1\task2\Day1.Task2.csproj", "{F0F8A34B-DC98-4705-84E4-A8CEA4D465CF}"
EndProject
Project("{FAE04EC0-301F-11D3-BF4B-00C04F79EFBC}") = "Day2.Task1", "src\day2\task1\Day2.Task1.csproj", "{0AB80A36-1B28-4C6D-B2FA-24FD98524BE7}"
EndProject
Project("{FAE04EC0-301F-11D3-BF4B-00C04F79EFBC}") = "Day2.Task2", "src\day2\task2\Day2.Task2.csproj", "{3D09D5B0-F2F7-4CA3-B25D-8A38DCF43D07}"
EndProject
Project("{FAE04EC0-301F-11D3-BF4B-00C04F79EFBC}") = "Day3.Task1", "src\day3\task1\Day3.Task1.csproj", "{718BEC0A-CEBA-42B4-A8DB-92A89A60997A}"
EndProject
Project("{FAE04EC0-301F-11D3-BF4B-00C04F79EFBC}") = "Day3.Task2", "src\day3\task2\Day3.Task2.csproj", "{D2AB0C26-0D5C-4108-AEF2-205D13F74E0B}"
EndProject
Project("{FAE04EC0-301F-11D3-BF4B-00C04F79EFBC}") = "Day4.Task1", "src\day4\task1\Day4.Task1.csproj", "{0E338AE4-AB01-403C-8387-88134506FD6B}"
EndProject
Global
	GlobalSection(SolutionConfigurationPlatforms) = preSolution
		Debug|Any CPU = Debug|Any CPU
		Release|Any CPU = Release|Any CPU
	EndGlobalSection
	GlobalSection(ProjectConfigurationPlatforms) = postSolution
		{1E3005FE-5614-4CCE-A517-604DEE239C15}.Debug|Any CPU.ActiveCfg = Debug|Any CPU
		{1E3005FE-5614-4CCE-A517-604DEE239C15}.Debug|Any CPU.Build.0 = Debug|Any CPU
		{1E3005FE-5614-4CCE-A517-604DEE239C15}.Release|Any CPU.ActiveCfg = Release|Any CPU
		{1E3005FE-5614-4CCE-A517-604DEE239C15}.Release|Any CPU.Build.0 = Release|Any CPU
		{F0F8A34B-DC98-4705-84E4-A8CEA4D465CF}.Debug|Any CPU.ActiveCfg = Debug|Any CPU
		{F0F8A34B-DC98-4705-84E4-A8CEA4D465CF}.Debug|Any CPU.Build.0 = Debug|Any CPU
		{F0F8A34B-DC98-4705-84E4-A8CEA4D465CF}.Release|Any CPU.ActiveCfg = Release|Any CPU
		{F0F8A34B-DC98-4705-84E4-A8CEA4D465CF}.Release|Any CPU.Build.0 = Release|Any CPU
		{0AB80A36-1B28-4C6D-B2FA-24FD98524BE7}.Debug|Any CPU.ActiveCfg = Debug|Any CPU
		{0AB80A36-1B28-4C6D-B2FA-24FD98524BE7}.Debug|Any CPU.Build.0 = Debug|Any CPU
		{0AB80A36-1B28-4C6D-B2FA-24FD98524BE7}.Release|Any CPU.ActiveCfg = Release|Any CPU
		{0AB80A36-1B28-4C6D-B2FA-24FD98524BE7}.Release|Any CPU.Build.0 = Release|Any CPU
		{3D09D5B0-F2F7-4CA3-B25D-8A38DCF43D07}.Debug|Any CPU.ActiveCfg = Debug|Any CPU
		{3D09D5B0-F2F7-4CA3-B25D-8A38DCF43D07}.Debug|Any CPU.Build.0 = Debug|Any CPU
		{3D09D5B0-F2F7-4CA3-B25D-8A38DCF43D07}.Release|Any CPU.ActiveCfg = Release|Any CPU
		{3D09D5B0-F2F7-4CA3-B25D-8A38DCF43D07}.Release|Any CPU.Build.0 = Release|Any CPU
		{718BEC0A-CEBA-42B4-A8DB-92A89A60997A}.Debug|Any CPU.ActiveCfg = Debug|Any CPU
		{718BEC0A-CEBA-42B4-A8DB-92A89A60997A}.Debug|Any CPU.Build.0 = Debug|Any CPU
		{718BEC0A-CEBA-42B4-A8DB-92A89A60997A}.Release|Any CPU.ActiveCfg = Release|Any CPU
		{718BEC0A-CEBA-42B4-A8DB-92A89A60997A}.Release|Any CPU.Build.0 = Release|Any CPU
		{D2AB0C26-0D5C-4108-AEF2-205D13F74E0B}.Debug|Any CPU.ActiveCfg = Debug|Any CPU
		{D2AB0C26-0D5C-4108-AEF2-205D13F74E0B}.Debug|Any CPU.Build.0 = Debug|Any CPU
		{D2AB0C26-0D5C-4108-AEF2-205D13F74E0B}.Release|Any CPU.ActiveCfg = Release|Any CPU
		{D2AB0C26-0D5C-4108-AEF2-205D13F74E0B}.Release|Any CPU.Build.0 = Release|Any CPU
		{0E338AE4-AB01-403C-8387-88134506FD6B}.Debug|Any CPU.ActiveCfg = Debug|Any CPU
		{0E338AE4-AB01-403C-8387-88134506FD6B}.Debug|Any CPU.Build.0 = Debug|Any CPU
		{0E338AE4-AB01-403C-8387-88134506FD6B}.Release|Any CPU.ActiveCfg = Release|Any CPU
		{0E338AE4-AB01-403C-8387-88134506FD6B}.Release|Any CPU.Build.0 = Release|Any CPU
	EndGlobalSection
	GlobalSection(SolutionProperties) = preSolution
		HideSolutionNode = FALSE
	EndGlobalSection
	GlobalSection(ExtensibilityGlobals) = postSolution
		SolutionGuid = {2810BAD0-0B96-4249-9CB0-1EF4F78348B0}
	EndGlobalSection
EndGlobal
